
Microsoft Visual Studio Solution File, Format Version 12.00
# Visual Studio 15
VisualStudioVersion = 15.0.28307.539
MinimumVisualStudioVersion = 10.0.40219.1
Project("{FAE04EC0-301F-11D3-BF4B-00C04F79EFBC}") = "Krryp.Android", "Krryp\Krryp.Android\Krryp.Android.csproj", "{4B800638-76FD-41DE-8F25-003085D99323}"
EndProject
Project("{FAE04EC0-301F-11D3-BF4B-00C04F79EFBC}") = "Krryp.iOS", "Krryp\Krryp.iOS\Krryp.iOS.csproj", "{DD20979F-5C35-4D95-9815-47C68FD5CFE8}"
EndProject
Project("{FAE04EC0-301F-11D3-BF4B-00C04F79EFBC}") = "Krryp.UWP", "Krryp\Krryp.UWP\Krryp.UWP.csproj", "{8750511B-AFC6-48D0-B656-D00C907DE284}"
EndProject
Project("{FAE04EC0-301F-11D3-BF4B-00C04F79EFBC}") = "Krryp", "Krryp\Krryp\Krryp.csproj", "{3E878931-B1EE-4C7F-B7D2-EDC4F975714A}"
EndProject
Global
	GlobalSection(SolutionConfigurationPlatforms) = preSolution
		Ad-Hoc|Any CPU = Ad-Hoc|Any CPU
		Ad-Hoc|ARM = Ad-Hoc|ARM
		Ad-Hoc|iPhone = Ad-Hoc|iPhone
		Ad-Hoc|iPhoneSimulator = Ad-Hoc|iPhoneSimulator
		Ad-Hoc|x64 = Ad-Hoc|x64
		Ad-Hoc|x86 = Ad-Hoc|x86
		AppStore|Any CPU = AppStore|Any CPU
		AppStore|ARM = AppStore|ARM
		AppStore|iPhone = AppStore|iPhone
		AppStore|iPhoneSimulator = AppStore|iPhoneSimulator
		AppStore|x64 = AppStore|x64
		AppStore|x86 = AppStore|x86
		Debug|Any CPU = Debug|Any CPU
		Debug|ARM = Debug|ARM
		Debug|iPhone = Debug|iPhone
		Debug|iPhoneSimulator = Debug|iPhoneSimulator
		Debug|x64 = Debug|x64
		Debug|x86 = Debug|x86
		Release|Any CPU = Release|Any CPU
		Release|ARM = Release|ARM
		Release|iPhone = Release|iPhone
		Release|iPhoneSimulator = Release|iPhoneSimulator
		Release|x64 = Release|x64
		Release|x86 = Release|x86
	EndGlobalSection
	GlobalSection(ProjectConfigurationPlatforms) = postSolution
		{4B800638-76FD-41DE-8F25-003085D99323}.Ad-Hoc|Any CPU.ActiveCfg = Release|Any CPU
		{4B800638-76FD-41DE-8F25-003085D99323}.Ad-Hoc|Any CPU.Build.0 = Release|Any CPU
		{4B800638-76FD-41DE-8F25-003085D99323}.Ad-Hoc|Any CPU.Deploy.0 = Release|Any CPU
		{4B800638-76FD-41DE-8F25-003085D99323}.Ad-Hoc|ARM.ActiveCfg = Release|Any CPU
		{4B800638-76FD-41DE-8F25-003085D99323}.Ad-Hoc|ARM.Build.0 = Release|Any CPU
		{4B800638-76FD-41DE-8F25-003085D99323}.Ad-Hoc|ARM.Deploy.0 = Release|Any CPU
		{4B800638-76FD-41DE-8F25-003085D99323}.Ad-Hoc|iPhone.ActiveCfg = Release|Any CPU
		{4B800638-76FD-41DE-8F25-003085D99323}.Ad-Hoc|iPhone.Build.0 = Release|Any CPU
		{4B800638-76FD-41DE-8F25-003085D99323}.Ad-Hoc|iPhone.Deploy.0 = Release|Any CPU
		{4B800638-76FD-41DE-8F25-003085D99323}.Ad-Hoc|iPhoneSimulator.ActiveCfg = Release|Any CPU
		{4B800638-76FD-41DE-8F25-003085D99323}.Ad-Hoc|iPhoneSimulator.Build.0 = Release|Any CPU
		{4B800638-76FD-41DE-8F25-003085D99323}.Ad-Hoc|iPhoneSimulator.Deploy.0 = Release|Any CPU
		{4B800638-76FD-41DE-8F25-003085D99323}.Ad-Hoc|x64.ActiveCfg = Release|Any CPU
		{4B800638-76FD-41DE-8F25-003085D99323}.Ad-Hoc|x64.Build.0 = Release|Any CPU
		{4B800638-76FD-41DE-8F25-003085D99323}.Ad-Hoc|x64.Deploy.0 = Release|Any CPU
		{4B800638-76FD-41DE-8F25-003085D99323}.Ad-Hoc|x86.ActiveCfg = Release|Any CPU
		{4B800638-76FD-41DE-8F25-003085D99323}.Ad-Hoc|x86.Build.0 = Release|Any CPU
		{4B800638-76FD-41DE-8F25-003085D99323}.Ad-Hoc|x86.Deploy.0 = Release|Any CPU
		{4B800638-76FD-41DE-8F25-003085D99323}.AppStore|Any CPU.ActiveCfg = Release|Any CPU
		{4B800638-76FD-41DE-8F25-003085D99323}.AppStore|Any CPU.Build.0 = Release|Any CPU
		{4B800638-76FD-41DE-8F25-003085D99323}.AppStore|Any CPU.Deploy.0 = Release|Any CPU
		{4B800638-76FD-41DE-8F25-003085D99323}.AppStore|ARM.ActiveCfg = Release|Any CPU
		{4B800638-76FD-41DE-8F25-003085D99323}.AppStore|ARM.Build.0 = Release|Any CPU
		{4B800638-76FD-41DE-8F25-003085D99323}.AppStore|ARM.Deploy.0 = Release|Any CPU
		{4B800638-76FD-41DE-8F25-003085D99323}.AppStore|iPhone.ActiveCfg = Release|Any CPU
		{4B800638-76FD-41DE-8F25-003085D99323}.AppStore|iPhone.Build.0 = Release|Any CPU
		{4B800638-76FD-41DE-8F25-003085D99323}.AppStore|iPhone.Deploy.0 = Release|Any CPU
		{4B800638-76FD-41DE-8F25-003085D99323}.AppStore|iPhoneSimulator.ActiveCfg = Release|Any CPU
		{4B800638-76FD-41DE-8F25-003085D99323}.AppStore|iPhoneSimulator.Build.0 = Release|Any CPU
		{4B800638-76FD-41DE-8F25-003085D99323}.AppStore|iPhoneSimulator.Deploy.0 = Release|Any CPU
		{4B800638-76FD-41DE-8F25-003085D99323}.AppStore|x64.ActiveCfg = Release|Any CPU
		{4B800638-76FD-41DE-8F25-003085D99323}.AppStore|x64.Build.0 = Release|Any CPU
		{4B800638-76FD-41DE-8F25-003085D99323}.AppStore|x64.Deploy.0 = Release|Any CPU
		{4B800638-76FD-41DE-8F25-003085D99323}.AppStore|x86.ActiveCfg = Release|Any CPU
		{4B800638-76FD-41DE-8F25-003085D99323}.AppStore|x86.Build.0 = Release|Any CPU
		{4B800638-76FD-41DE-8F25-003085D99323}.AppStore|x86.Deploy.0 = Release|Any CPU
		{4B800638-76FD-41DE-8F25-003085D99323}.Debug|Any CPU.ActiveCfg = Debug|Any CPU
		{4B800638-76FD-41DE-8F25-003085D99323}.Debug|Any CPU.Build.0 = Debug|Any CPU
		{4B800638-76FD-41DE-8F25-003085D99323}.Debug|Any CPU.Deploy.0 = Debug|Any CPU
		{4B800638-76FD-41DE-8F25-003085D99323}.Debug|ARM.ActiveCfg = Debug|Any CPU
		{4B800638-76FD-41DE-8F25-003085D99323}.Debug|ARM.Build.0 = Debug|Any CPU
		{4B800638-76FD-41DE-8F25-003085D99323}.Debug|ARM.Deploy.0 = Debug|Any CPU
		{4B800638-76FD-41DE-8F25-003085D99323}.Debug|iPhone.ActiveCfg = Debug|Any CPU
		{4B800638-76FD-41DE-8F25-003085D99323}.Debug|iPhone.Build.0 = Debug|Any CPU
		{4B800638-76FD-41DE-8F25-003085D99323}.Debug|iPhone.Deploy.0 = Debug|Any CPU
		{4B800638-76FD-41DE-8F25-003085D99323}.Debug|iPhoneSimulator.ActiveCfg = Debug|Any CPU
		{4B800638-76FD-41DE-8F25-003085D99323}.Debug|iPhoneSimulator.Build.0 = Debug|Any CPU
		{4B800638-76FD-41DE-8F25-003085D99323}.Debug|iPhoneSimulator.Deploy.0 = Debug|Any CPU
		{4B800638-76FD-41DE-8F25-003085D99323}.Debug|x64.ActiveCfg = Debug|Any CPU
		{4B800638-76FD-41DE-8F25-003085D99323}.Debug|x64.Build.0 = Debug|Any CPU
		{4B800638-76FD-41DE-8F25-003085D99323}.Debug|x64.Deploy.0 = Debug|Any CPU
		{4B800638-76FD-41DE-8F25-003085D99323}.Debug|x86.ActiveCfg = Debug|Any CPU
		{4B800638-76FD-41DE-8F25-003085D99323}.Debug|x86.Build.0 = Debug|Any CPU
		{4B800638-76FD-41DE-8F25-003085D99323}.Debug|x86.Deploy.0 = Debug|Any CPU
		{4B800638-76FD-41DE-8F25-003085D99323}.Release|Any CPU.ActiveCfg = Release|Any CPU
		{4B800638-76FD-41DE-8F25-003085D99323}.Release|Any CPU.Build.0 = Release|Any CPU
		{4B800638-76FD-41DE-8F25-003085D99323}.Release|Any CPU.Deploy.0 = Release|Any CPU
		{4B800638-76FD-41DE-8F25-003085D99323}.Release|ARM.ActiveCfg = Release|Any CPU
		{4B800638-76FD-41DE-8F25-003085D99323}.Release|ARM.Build.0 = Release|Any CPU
		{4B800638-76FD-41DE-8F25-003085D99323}.Release|ARM.Deploy.0 = Release|Any CPU
		{4B800638-76FD-41DE-8F25-003085D99323}.Release|iPhone.ActiveCfg = Release|Any CPU
		{4B800638-76FD-41DE-8F25-003085D99323}.Release|iPhone.Build.0 = Release|Any CPU
		{4B800638-76FD-41DE-8F25-003085D99323}.Release|iPhone.Deploy.0 = Release|Any CPU
		{4B800638-76FD-41DE-8F25-003085D99323}.Release|iPhoneSimulator.ActiveCfg = Release|Any CPU
		{4B800638-76FD-41DE-8F25-003085D99323}.Release|iPhoneSimulator.Build.0 = Release|Any CPU
		{4B800638-76FD-41DE-8F25-003085D99323}.Release|iPhoneSimulator.Deploy.0 = Release|Any CPU
		{4B800638-76FD-41DE-8F25-003085D99323}.Release|x64.ActiveCfg = Release|Any CPU
		{4B800638-76FD-41DE-8F25-003085D99323}.Release|x64.Build.0 = Release|Any CPU
		{4B800638-76FD-41DE-8F25-003085D99323}.Release|x64.Deploy.0 = Release|Any CPU
		{4B800638-76FD-41DE-8F25-003085D99323}.Release|x86.ActiveCfg = Release|Any CPU
		{4B800638-76FD-41DE-8F25-003085D99323}.Release|x86.Build.0 = Release|Any CPU
		{4B800638-76FD-41DE-8F25-003085D99323}.Release|x86.Deploy.0 = Release|Any CPU
		{DD20979F-5C35-4D95-9815-47C68FD5CFE8}.Ad-Hoc|Any CPU.ActiveCfg = Ad-Hoc|iPhone
		{DD20979F-5C35-4D95-9815-47C68FD5CFE8}.Ad-Hoc|Any CPU.Build.0 = Ad-Hoc|iPhone
		{DD20979F-5C35-4D95-9815-47C68FD5CFE8}.Ad-Hoc|Any CPU.Deploy.0 = Ad-Hoc|iPhone
		{DD20979F-5C35-4D95-9815-47C68FD5CFE8}.Ad-Hoc|ARM.ActiveCfg = Ad-Hoc|iPhone
		{DD20979F-5C35-4D95-9815-47C68FD5CFE8}.Ad-Hoc|ARM.Build.0 = Ad-Hoc|iPhone
		{DD20979F-5C35-4D95-9815-47C68FD5CFE8}.Ad-Hoc|ARM.Deploy.0 = Ad-Hoc|iPhone
		{DD20979F-5C35-4D95-9815-47C68FD5CFE8}.Ad-Hoc|iPhone.ActiveCfg = Ad-Hoc|iPhone
		{DD20979F-5C35-4D95-9815-47C68FD5CFE8}.Ad-Hoc|iPhone.Build.0 = Ad-Hoc|iPhone
		{DD20979F-5C35-4D95-9815-47C68FD5CFE8}.Ad-Hoc|iPhone.Deploy.0 = Ad-Hoc|iPhone
		{DD20979F-5C35-4D95-9815-47C68FD5CFE8}.Ad-Hoc|iPhoneSimulator.ActiveCfg = Ad-Hoc|iPhoneSimulator
		{DD20979F-5C35-4D95-9815-47C68FD5CFE8}.Ad-Hoc|iPhoneSimulator.Build.0 = Ad-Hoc|iPhoneSimulator
		{DD20979F-5C35-4D95-9815-47C68FD5CFE8}.Ad-Hoc|iPhoneSimulator.Deploy.0 = Ad-Hoc|iPhoneSimulator
		{DD20979F-5C35-4D95-9815-47C68FD5CFE8}.Ad-Hoc|x64.ActiveCfg = Ad-Hoc|iPhone
		{DD20979F-5C35-4D95-9815-47C68FD5CFE8}.Ad-Hoc|x64.Build.0 = Ad-Hoc|iPhone
		{DD20979F-5C35-4D95-9815-47C68FD5CFE8}.Ad-Hoc|x64.Deploy.0 = Ad-Hoc|iPhone
		{DD20979F-5C35-4D95-9815-47C68FD5CFE8}.Ad-Hoc|x86.ActiveCfg = Ad-Hoc|iPhone
		{DD20979F-5C35-4D95-9815-47C68FD5CFE8}.Ad-Hoc|x86.Build.0 = Ad-Hoc|iPhone
		{DD20979F-5C35-4D95-9815-47C68FD5CFE8}.Ad-Hoc|x86.Deploy.0 = Ad-Hoc|iPhone
		{DD20979F-5C35-4D95-9815-47C68FD5CFE8}.AppStore|Any CPU.ActiveCfg = AppStore|iPhone
		{DD20979F-5C35-4D95-9815-47C68FD5CFE8}.AppStore|Any CPU.Build.0 = AppStore|iPhone
		{DD20979F-5C35-4D95-9815-47C68FD5CFE8}.AppStore|Any CPU.Deploy.0 = AppStore|iPhone
		{DD20979F-5C35-4D95-9815-47C68FD5CFE8}.AppStore|ARM.ActiveCfg = AppStore|iPhone
		{DD20979F-5C35-4D95-9815-47C68FD5CFE8}.AppStore|ARM.Build.0 = AppStore|iPhone
		{DD20979F-5C35-4D95-9815-47C68FD5CFE8}.AppStore|ARM.Deploy.0 = AppStore|iPhone
		{DD20979F-5C35-4D95-9815-47C68FD5CFE8}.AppStore|iPhone.ActiveCfg = AppStore|iPhone
		{DD20979F-5C35-4D95-9815-47C68FD5CFE8}.AppStore|iPhone.Build.0 = AppStore|iPhone
		{DD20979F-5C35-4D95-9815-47C68FD5CFE8}.AppStore|iPhone.Deploy.0 = AppStore|iPhone
		{DD20979F-5C35-4D95-9815-47C68FD5CFE8}.AppStore|iPhoneSimulator.ActiveCfg = AppStore|iPhoneSimulator
		{DD20979F-5C35-4D95-9815-47C68FD5CFE8}.AppStore|iPhoneSimulator.Build.0 = AppStore|iPhoneSimulator
		{DD20979F-5C35-4D95-9815-47C68FD5CFE8}.AppStore|iPhoneSimulator.Deploy.0 = AppStore|iPhoneSimulator
		{DD20979F-5C35-4D95-9815-47C68FD5CFE8}.AppStore|x64.ActiveCfg = AppStore|iPhone
		{DD20979F-5C35-4D95-9815-47C68FD5CFE8}.AppStore|x64.Build.0 = AppStore|iPhone
		{DD20979F-5C35-4D95-9815-47C68FD5CFE8}.AppStore|x64.Deploy.0 = AppStore|iPhone
		{DD20979F-5C35-4D95-9815-47C68FD5CFE8}.AppStore|x86.ActiveCfg = AppStore|iPhone
		{DD20979F-5C35-4D95-9815-47C68FD5CFE8}.AppStore|x86.Build.0 = AppStore|iPhone
		{DD20979F-5C35-4D95-9815-47C68FD5CFE8}.AppStore|x86.Deploy.0 = AppStore|iPhone
		{DD20979F-5C35-4D95-9815-47C68FD5CFE8}.Debug|Any CPU.ActiveCfg = Debug|iPhoneSimulator
		{DD20979F-5C35-4D95-9815-47C68FD5CFE8}.Debug|Any CPU.Build.0 = Debug|iPhoneSimulator
		{DD20979F-5C35-4D95-9815-47C68FD5CFE8}.Debug|Any CPU.Deploy.0 = Debug|iPhoneSimulator
		{DD20979F-5C35-4D95-9815-47C68FD5CFE8}.Debug|ARM.ActiveCfg = Debug|iPhone
		{DD20979F-5C35-4D95-9815-47C68FD5CFE8}.Debug|ARM.Build.0 = Debug|iPhone
		{DD20979F-5C35-4D95-9815-47C68FD5CFE8}.Debug|ARM.Deploy.0 = Debug|iPhone
		{DD20979F-5C35-4D95-9815-47C68FD5CFE8}.Debug|iPhone.ActiveCfg = Debug|iPhone
		{DD20979F-5C35-4D95-9815-47C68FD5CFE8}.Debug|iPhone.Build.0 = Debug|iPhone
		{DD20979F-5C35-4D95-9815-47C68FD5CFE8}.Debug|iPhone.Deploy.0 = Debug|iPhone
		{DD20979F-5C35-4D95-9815-47C68FD5CFE8}.Debug|iPhoneSimulator.ActiveCfg = Debug|iPhoneSimulator
		{DD20979F-5C35-4D95-9815-47C68FD5CFE8}.Debug|iPhoneSimulator.Build.0 = Debug|iPhoneSimulator
		{DD20979F-5C35-4D95-9815-47C68FD5CFE8}.Debug|iPhoneSimulator.Deploy.0 = Debug|iPhoneSimulator
		{DD20979F-5C35-4D95-9815-47C68FD5CFE8}.Debug|x64.ActiveCfg = Debug|iPhone
		{DD20979F-5C35-4D95-9815-47C68FD5CFE8}.Debug|x64.Build.0 = Debug|iPhone
		{DD20979F-5C35-4D95-9815-47C68FD5CFE8}.Debug|x64.Deploy.0 = Debug|iPhone
		{DD20979F-5C35-4D95-9815-47C68FD5CFE8}.Debug|x86.ActiveCfg = Debug|iPhone
		{DD20979F-5C35-4D95-9815-47C68FD5CFE8}.Debug|x86.Build.0 = Debug|iPhone
		{DD20979F-5C35-4D95-9815-47C68FD5CFE8}.Debug|x86.Deploy.0 = Debug|iPhone
		{DD20979F-5C35-4D95-9815-47C68FD5CFE8}.Release|Any CPU.ActiveCfg = Release|iPhone
		{DD20979F-5C35-4D95-9815-47C68FD5CFE8}.Release|Any CPU.Build.0 = Release|iPhone
		{DD20979F-5C35-4D95-9815-47C68FD5CFE8}.Release|Any CPU.Deploy.0 = Release|iPhone
		{DD20979F-5C35-4D95-9815-47C68FD5CFE8}.Release|ARM.ActiveCfg = Release|iPhone
		{DD20979F-5C35-4D95-9815-47C68FD5CFE8}.Release|ARM.Build.0 = Release|iPhone
		{DD20979F-5C35-4D95-9815-47C68FD5CFE8}.Release|ARM.Deploy.0 = Release|iPhone
		{DD20979F-5C35-4D95-9815-47C68FD5CFE8}.Release|iPhone.ActiveCfg = Release|iPhone
		{DD20979F-5C35-4D95-9815-47C68FD5CFE8}.Release|iPhone.Build.0 = Release|iPhone
		{DD20979F-5C35-4D95-9815-47C68FD5CFE8}.Release|iPhone.Deploy.0 = Release|iPhone
		{DD20979F-5C35-4D95-9815-47C68FD5CFE8}.Release|iPhoneSimulator.ActiveCfg = Release|iPhoneSimulator
		{DD20979F-5C35-4D95-9815-47C68FD5CFE8}.Release|iPhoneSimulator.Build.0 = Release|iPhoneSimulator
		{DD20979F-5C35-4D95-9815-47C68FD5CFE8}.Release|iPhoneSimulator.Deploy.0 = Release|iPhoneSimulator
		{DD20979F-5C35-4D95-9815-47C68FD5CFE8}.Release|x64.ActiveCfg = Release|iPhone
		{DD20979F-5C35-4D95-9815-47C68FD5CFE8}.Release|x64.Build.0 = Release|iPhone
		{DD20979F-5C35-4D95-9815-47C68FD5CFE8}.Release|x64.Deploy.0 = Release|iPhone
		{DD20979F-5C35-4D95-9815-47C68FD5CFE8}.Release|x86.ActiveCfg = Release|iPhone
		{DD20979F-5C35-4D95-9815-47C68FD5CFE8}.Release|x86.Build.0 = Release|iPhone
		{DD20979F-5C35-4D95-9815-47C68FD5CFE8}.Release|x86.Deploy.0 = Release|iPhone
		{8750511B-AFC6-48D0-B656-D00C907DE284}.Ad-Hoc|Any CPU.ActiveCfg = Release|x86
		{8750511B-AFC6-48D0-B656-D00C907DE284}.Ad-Hoc|Any CPU.Build.0 = Release|x86
		{8750511B-AFC6-48D0-B656-D00C907DE284}.Ad-Hoc|Any CPU.Deploy.0 = Release|x86
		{8750511B-AFC6-48D0-B656-D00C907DE284}.Ad-Hoc|ARM.ActiveCfg = Release|ARM
		{8750511B-AFC6-48D0-B656-D00C907DE284}.Ad-Hoc|ARM.Build.0 = Release|ARM
		{8750511B-AFC6-48D0-B656-D00C907DE284}.Ad-Hoc|ARM.Deploy.0 = Release|ARM
		{8750511B-AFC6-48D0-B656-D00C907DE284}.Ad-Hoc|iPhone.ActiveCfg = Release|x86
		{8750511B-AFC6-48D0-B656-D00C907DE284}.Ad-Hoc|iPhone.Build.0 = Release|x86
		{8750511B-AFC6-48D0-B656-D00C907DE284}.Ad-Hoc|iPhone.Deploy.0 = Release|x86
		{8750511B-AFC6-48D0-B656-D00C907DE284}.Ad-Hoc|iPhoneSimulator.ActiveCfg = Release|x86
		{8750511B-AFC6-48D0-B656-D00C907DE284}.Ad-Hoc|iPhoneSimulator.Build.0 = Release|x86
		{8750511B-AFC6-48D0-B656-D00C907DE284}.Ad-Hoc|iPhoneSimulator.Deploy.0 = Release|x86
		{8750511B-AFC6-48D0-B656-D00C907DE284}.Ad-Hoc|x64.ActiveCfg = Release|x64
		{8750511B-AFC6-48D0-B656-D00C907DE284}.Ad-Hoc|x64.Build.0 = Release|x64
		{8750511B-AFC6-48D0-B656-D00C907DE284}.Ad-Hoc|x64.Deploy.0 = Release|x64
		{8750511B-AFC6-48D0-B656-D00C907DE284}.Ad-Hoc|x86.ActiveCfg = Release|x86
		{8750511B-AFC6-48D0-B656-D00C907DE284}.Ad-Hoc|x86.Build.0 = Release|x86
		{8750511B-AFC6-48D0-B656-D00C907DE284}.Ad-Hoc|x86.Deploy.0 = Release|x86
		{8750511B-AFC6-48D0-B656-D00C907DE284}.AppStore|Any CPU.ActiveCfg = Release|x86
		{8750511B-AFC6-48D0-B656-D00C907DE284}.AppStore|Any CPU.Build.0 = Release|x86
		{8750511B-AFC6-48D0-B656-D00C907DE284}.AppStore|Any CPU.Deploy.0 = Release|x86
		{8750511B-AFC6-48D0-B656-D00C907DE284}.AppStore|ARM.ActiveCfg = Release|ARM
		{8750511B-AFC6-48D0-B656-D00C907DE284}.AppStore|ARM.Build.0 = Release|ARM
		{8750511B-AFC6-48D0-B656-D00C907DE284}.AppStore|ARM.Deploy.0 = Release|ARM
		{8750511B-AFC6-48D0-B656-D00C907DE284}.AppStore|iPhone.ActiveCfg = Release|x86
		{8750511B-AFC6-48D0-B656-D00C907DE284}.AppStore|iPhone.Build.0 = Release|x86
		{8750511B-AFC6-48D0-B656-D00C907DE284}.AppStore|iPhone.Deploy.0 = Release|x86
		{8750511B-AFC6-48D0-B656-D00C907DE284}.AppStore|iPhoneSimulator.ActiveCfg = Release|x86
		{8750511B-AFC6-48D0-B656-D00C907DE284}.AppStore|iPhoneSimulator.Build.0 = Release|x86
		{8750511B-AFC6-48D0-B656-D00C907DE284}.AppStore|iPhoneSimulator.Deploy.0 = Release|x86
		{8750511B-AFC6-48D0-B656-D00C907DE284}.AppStore|x64.ActiveCfg = Release|x64
		{8750511B-AFC6-48D0-B656-D00C907DE284}.AppStore|x64.Build.0 = Release|x64
		{8750511B-AFC6-48D0-B656-D00C907DE284}.AppStore|x64.Deploy.0 = Release|x64
		{8750511B-AFC6-48D0-B656-D00C907DE284}.AppStore|x86.ActiveCfg = Release|x86
		{8750511B-AFC6-48D0-B656-D00C907DE284}.AppStore|x86.Build.0 = Release|x86
		{8750511B-AFC6-48D0-B656-D00C907DE284}.AppStore|x86.Deploy.0 = Release|x86
		{8750511B-AFC6-48D0-B656-D00C907DE284}.Debug|Any CPU.ActiveCfg = Debug|x86
		{8750511B-AFC6-48D0-B656-D00C907DE284}.Debug|Any CPU.Build.0 = Debug|x86
		{8750511B-AFC6-48D0-B656-D00C907DE284}.Debug|Any CPU.Deploy.0 = Debug|x86
		{8750511B-AFC6-48D0-B656-D00C907DE284}.Debug|ARM.ActiveCfg = Debug|ARM
		{8750511B-AFC6-48D0-B656-D00C907DE284}.Debug|ARM.Build.0 = Debug|ARM
		{8750511B-AFC6-48D0-B656-D00C907DE284}.Debug|ARM.Deploy.0 = Debug|ARM
		{8750511B-AFC6-48D0-B656-D00C907DE284}.Debug|iPhone.ActiveCfg = Debug|x86
		{8750511B-AFC6-48D0-B656-D00C907DE284}.Debug|iPhone.Build.0 = Debug|x86
		{8750511B-AFC6-48D0-B656-D00C907DE284}.Debug|iPhone.Deploy.0 = Debug|x86
		{8750511B-AFC6-48D0-B656-D00C907DE284}.Debug|iPhoneSimulator.ActiveCfg = Debug|x86
		{8750511B-AFC6-48D0-B656-D00C907DE284}.Debug|iPhoneSimulator.Build.0 = Debug|x86
		{8750511B-AFC6-48D0-B656-D00C907DE284}.Debug|iPhoneSimulator.Deploy.0 = Debug|x86
		{8750511B-AFC6-48D0-B656-D00C907DE284}.Debug|x64.ActiveCfg = Debug|x64
		{8750511B-AFC6-48D0-B656-D00C907DE284}.Debug|x64.Build.0 = Debug|x64
		{8750511B-AFC6-48D0-B656-D00C907DE284}.Debug|x64.Deploy.0 = Debug|x64
		{8750511B-AFC6-48D0-B656-D00C907DE284}.Debug|x86.ActiveCfg = Debug|x86
		{8750511B-AFC6-48D0-B656-D00C907DE284}.Debug|x86.Build.0 = Debug|x86
		{8750511B-AFC6-48D0-B656-D00C907DE284}.Debug|x86.Deploy.0 = Debug|x86
		{8750511B-AFC6-48D0-B656-D00C907DE284}.Release|Any CPU.ActiveCfg = Release|x86
		{8750511B-AFC6-48D0-B656-D00C907DE284}.Release|Any CPU.Build.0 = Release|x86
		{8750511B-AFC6-48D0-B656-D00C907DE284}.Release|Any CPU.Deploy.0 = Release|x86
		{8750511B-AFC6-48D0-B656-D00C907DE284}.Release|ARM.ActiveCfg = Release|ARM
		{8750511B-AFC6-48D0-B656-D00C907DE284}.Release|ARM.Build.0 = Release|ARM
		{8750511B-AFC6-48D0-B656-D00C907DE284}.Release|ARM.Deploy.0 = Release|ARM
		{8750511B-AFC6-48D0-B656-D00C907DE284}.Release|iPhone.ActiveCfg = Release|x86
		{8750511B-AFC6-48D0-B656-D00C907DE284}.Release|iPhone.Build.0 = Release|x86
		{8750511B-AFC6-48D0-B656-D00C907DE284}.Release|iPhone.Deploy.0 = Release|x86
		{8750511B-AFC6-48D0-B656-D00C907DE284}.Release|iPhoneSimulator.ActiveCfg = Release|x86
		{8750511B-AFC6-48D0-B656-D00C907DE284}.Release|iPhoneSimulator.Build.0 = Release|x86
		{8750511B-AFC6-48D0-B656-D00C907DE284}.Release|iPhoneSimulator.Deploy.0 = Release|x86
		{8750511B-AFC6-48D0-B656-D00C907DE284}.Release|x64.ActiveCfg = Release|x64
		{8750511B-AFC6-48D0-B656-D00C907DE284}.Release|x64.Build.0 = Release|x64
		{8750511B-AFC6-48D0-B656-D00C907DE284}.Release|x64.Deploy.0 = Release|x64
		{8750511B-AFC6-48D0-B656-D00C907DE284}.Release|x86.ActiveCfg = Release|x86
		{8750511B-AFC6-48D0-B656-D00C907DE284}.Release|x86.Build.0 = Release|x86
		{8750511B-AFC6-48D0-B656-D00C907DE284}.Release|x86.Deploy.0 = Release|x86
		{3E878931-B1EE-4C7F-B7D2-EDC4F975714A}.Ad-Hoc|Any CPU.ActiveCfg = Debug|Any CPU
		{3E878931-B1EE-4C7F-B7D2-EDC4F975714A}.Ad-Hoc|Any CPU.Build.0 = Debug|Any CPU
		{3E878931-B1EE-4C7F-B7D2-EDC4F975714A}.Ad-Hoc|Any CPU.Deploy.0 = Debug|Any CPU
		{3E878931-B1EE-4C7F-B7D2-EDC4F975714A}.Ad-Hoc|ARM.ActiveCfg = Debug|Any CPU
		{3E878931-B1EE-4C7F-B7D2-EDC4F975714A}.Ad-Hoc|ARM.Build.0 = Debug|Any CPU
		{3E878931-B1EE-4C7F-B7D2-EDC4F975714A}.Ad-Hoc|ARM.Deploy.0 = Debug|Any CPU
		{3E878931-B1EE-4C7F-B7D2-EDC4F975714A}.Ad-Hoc|iPhone.ActiveCfg = Debug|Any CPU
		{3E878931-B1EE-4C7F-B7D2-EDC4F975714A}.Ad-Hoc|iPhone.Build.0 = Debug|Any CPU
		{3E878931-B1EE-4C7F-B7D2-EDC4F975714A}.Ad-Hoc|iPhone.Deploy.0 = Debug|Any CPU
		{3E878931-B1EE-4C7F-B7D2-EDC4F975714A}.Ad-Hoc|iPhoneSimulator.ActiveCfg = Debug|Any CPU
		{3E878931-B1EE-4C7F-B7D2-EDC4F975714A}.Ad-Hoc|iPhoneSimulator.Build.0 = Debug|Any CPU
		{3E878931-B1EE-4C7F-B7D2-EDC4F975714A}.Ad-Hoc|iPhoneSimulator.Deploy.0 = Debug|Any CPU
		{3E878931-B1EE-4C7F-B7D2-EDC4F975714A}.Ad-Hoc|x64.ActiveCfg = Debug|Any CPU
		{3E878931-B1EE-4C7F-B7D2-EDC4F975714A}.Ad-Hoc|x64.Build.0 = Debug|Any CPU
		{3E878931-B1EE-4C7F-B7D2-EDC4F975714A}.Ad-Hoc|x64.Deploy.0 = Debug|Any CPU
		{3E878931-B1EE-4C7F-B7D2-EDC4F975714A}.Ad-Hoc|x86.ActiveCfg = Debug|Any CPU
		{3E878931-B1EE-4C7F-B7D2-EDC4F975714A}.Ad-Hoc|x86.Build.0 = Debug|Any CPU
		{3E878931-B1EE-4C7F-B7D2-EDC4F975714A}.Ad-Hoc|x86.Deploy.0 = Debug|Any CPU
		{3E878931-B1EE-4C7F-B7D2-EDC4F975714A}.AppStore|Any CPU.ActiveCfg = Debug|Any CPU
		{3E878931-B1EE-4C7F-B7D2-EDC4F975714A}.AppStore|Any CPU.Build.0 = Debug|Any CPU
		{3E878931-B1EE-4C7F-B7D2-EDC4F975714A}.AppStore|Any CPU.Deploy.0 = Debug|Any CPU
		{3E878931-B1EE-4C7F-B7D2-EDC4F975714A}.AppStore|ARM.ActiveCfg = Debug|Any CPU
		{3E878931-B1EE-4C7F-B7D2-EDC4F975714A}.AppStore|ARM.Build.0 = Debug|Any CPU
		{3E878931-B1EE-4C7F-B7D2-EDC4F975714A}.AppStore|ARM.Deploy.0 = Debug|Any CPU
		{3E878931-B1EE-4C7F-B7D2-EDC4F975714A}.AppStore|iPhone.ActiveCfg = Debug|Any CPU
		{3E878931-B1EE-4C7F-B7D2-EDC4F975714A}.AppStore|iPhone.Build.0 = Debug|Any CPU
		{3E878931-B1EE-4C7F-B7D2-EDC4F975714A}.AppStore|iPhone.Deploy.0 = Debug|Any CPU
		{3E878931-B1EE-4C7F-B7D2-EDC4F975714A}.AppStore|iPhoneSimulator.ActiveCfg = Debug|Any CPU
		{3E878931-B1EE-4C7F-B7D2-EDC4F975714A}.AppStore|iPhoneSimulator.Build.0 = Debug|Any CPU
		{3E878931-B1EE-4C7F-B7D2-EDC4F975714A}.AppStore|iPhoneSimulator.Deploy.0 = Debug|Any CPU
		{3E878931-B1EE-4C7F-B7D2-EDC4F975714A}.AppStore|x64.ActiveCfg = Debug|Any CPU
		{3E878931-B1EE-4C7F-B7D2-EDC4F975714A}.AppStore|x64.Build.0 = Debug|Any CPU
		{3E878931-B1EE-4C7F-B7D2-EDC4F975714A}.AppStore|x64.Deploy.0 = Debug|Any CPU
		{3E878931-B1EE-4C7F-B7D2-EDC4F975714A}.AppStore|x86.ActiveCfg = Debug|Any CPU
		{3E878931-B1EE-4C7F-B7D2-EDC4F975714A}.AppStore|x86.Build.0 = Debug|Any CPU
		{3E878931-B1EE-4C7F-B7D2-EDC4F975714A}.AppStore|x86.Deploy.0 = Debug|Any CPU
		{3E878931-B1EE-4C7F-B7D2-EDC4F975714A}.Debug|Any CPU.ActiveCfg = Debug|Any CPU
		{3E878931-B1EE-4C7F-B7D2-EDC4F975714A}.Debug|Any CPU.Build.0 = Debug|Any CPU
		{3E878931-B1EE-4C7F-B7D2-EDC4F975714A}.Debug|Any CPU.Deploy.0 = Debug|Any CPU
		{3E878931-B1EE-4C7F-B7D2-EDC4F975714A}.Debug|ARM.ActiveCfg = Debug|Any CPU
		{3E878931-B1EE-4C7F-B7D2-EDC4F975714A}.Debug|ARM.Build.0 = Debug|Any CPU
		{3E878931-B1EE-4C7F-B7D2-EDC4F975714A}.Debug|ARM.Deploy.0 = Debug|Any CPU
		{3E878931-B1EE-4C7F-B7D2-EDC4F975714A}.Debug|iPhone.ActiveCfg = Debug|Any CPU
		{3E878931-B1EE-4C7F-B7D2-EDC4F975714A}.Debug|iPhone.Build.0 = Debug|Any CPU
		{3E878931-B1EE-4C7F-B7D2-EDC4F975714A}.Debug|iPhone.Deploy.0 = Debug|Any CPU
		{3E878931-B1EE-4C7F-B7D2-EDC4F975714A}.Debug|iPhoneSimulator.ActiveCfg = Debug|Any CPU
		{3E878931-B1EE-4C7F-B7D2-EDC4F975714A}.Debug|iPhoneSimulator.Build.0 = Debug|Any CPU
		{3E878931-B1EE-4C7F-B7D2-EDC4F975714A}.Debug|iPhoneSimulator.Deploy.0 = Debug|Any CPU
		{3E878931-B1EE-4C7F-B7D2-EDC4F975714A}.Debug|x64.ActiveCfg = Debug|Any CPU
		{3E878931-B1EE-4C7F-B7D2-EDC4F975714A}.Debug|x64.Build.0 = Debug|Any CPU
		{3E878931-B1EE-4C7F-B7D2-EDC4F975714A}.Debug|x64.Deploy.0 = Debug|Any CPU
		{3E878931-B1EE-4C7F-B7D2-EDC4F975714A}.Debug|x86.ActiveCfg = Debug|Any CPU
		{3E878931-B1EE-4C7F-B7D2-EDC4F975714A}.Debug|x86.Build.0 = Debug|Any CPU
		{3E878931-B1EE-4C7F-B7D2-EDC4F975714A}.Debug|x86.Deploy.0 = Debug|Any CPU
		{3E878931-B1EE-4C7F-B7D2-EDC4F975714A}.Release|Any CPU.ActiveCfg = Release|Any CPU
		{3E878931-B1EE-4C7F-B7D2-EDC4F975714A}.Release|Any CPU.Build.0 = Release|Any CPU
		{3E878931-B1EE-4C7F-B7D2-EDC4F975714A}.Release|Any CPU.Deploy.0 = Release|Any CPU
		{3E878931-B1EE-4C7F-B7D2-EDC4F975714A}.Release|ARM.ActiveCfg = Release|Any CPU
		{3E878931-B1EE-4C7F-B7D2-EDC4F975714A}.Release|ARM.Build.0 = Release|Any CPU
		{3E878931-B1EE-4C7F-B7D2-EDC4F975714A}.Release|ARM.Deploy.0 = Release|Any CPU
		{3E878931-B1EE-4C7F-B7D2-EDC4F975714A}.Release|iPhone.ActiveCfg = Release|Any CPU
		{3E878931-B1EE-4C7F-B7D2-EDC4F975714A}.Release|iPhone.Build.0 = Release|Any CPU
		{3E878931-B1EE-4C7F-B7D2-EDC4F975714A}.Release|iPhone.Deploy.0 = Release|Any CPU
		{3E878931-B1EE-4C7F-B7D2-EDC4F975714A}.Release|iPhoneSimulator.ActiveCfg = Release|Any CPU
		{3E878931-B1EE-4C7F-B7D2-EDC4F975714A}.Release|iPhoneSimulator.Build.0 = Release|Any CPU
		{3E878931-B1EE-4C7F-B7D2-EDC4F975714A}.Release|iPhoneSimulator.Deploy.0 = Release|Any CPU
		{3E878931-B1EE-4C7F-B7D2-EDC4F975714A}.Release|x64.ActiveCfg = Release|Any CPU
		{3E878931-B1EE-4C7F-B7D2-EDC4F975714A}.Release|x64.Build.0 = Release|Any CPU
		{3E878931-B1EE-4C7F-B7D2-EDC4F975714A}.Release|x64.Deploy.0 = Release|Any CPU
		{3E878931-B1EE-4C7F-B7D2-EDC4F975714A}.Release|x86.ActiveCfg = Release|Any CPU
		{3E878931-B1EE-4C7F-B7D2-EDC4F975714A}.Release|x86.Build.0 = Release|Any CPU
		{3E878931-B1EE-4C7F-B7D2-EDC4F975714A}.Release|x86.Deploy.0 = Release|Any CPU
	EndGlobalSection
	GlobalSection(SolutionProperties) = preSolution
		HideSolutionNode = FALSE
	EndGlobalSection
	GlobalSection(ExtensibilityGlobals) = postSolution
		SolutionGuid = {FC80ED66-0055-470C-86A1-9CECFFAF15E2}
	EndGlobalSection
EndGlobal
